{
    "_readme": [
        "This file locks the dependencies of your project to a known state",
        "Read more about it at https://getcomposer.org/doc/01-basic-usage.md#installing-dependencies",
        "This file is @generated automatically"
    ],
    "content-hash": "9bb83b1514cd96a768fd74c05e582bfa",
    "packages": [
        {
            "name": "adodb/adodb-php",
            "version": "v5.22.2",
            "source": {
                "type": "git",
                "url": "https://github.com/ADOdb/ADOdb.git",
                "reference": "876bc2287171ea96a571f84c23845e44a759d9a0"
            },
            "dist": {
                "type": "zip",
                "url": "https://api.github.com/repos/ADOdb/ADOdb/zipball/876bc2287171ea96a571f84c23845e44a759d9a0",
                "reference": "876bc2287171ea96a571f84c23845e44a759d9a0",
                "shasum": ""
            },
            "require": {
                "php": "^7.0 || ^8.0"
            },
            "require-dev": {
                "phpunit/phpunit": "^8.5"
            },
            "type": "library",
            "autoload": {
                "files": [
                    "adodb.inc.php"
                ]
            },
            "notification-url": "https://packagist.org/downloads/",
            "license": [
                "BSD-3-Clause",
                "LGPL-2.1-or-later"
            ],
            "authors": [
                {
                    "name": "John Lim",
                    "email": "jlim@natsoft.com",
                    "role": "Author"
                },
                {
                    "name": "Damien Regad",
                    "role": "Current maintainer"
                },
                {
                    "name": "Mark Newnham",
                    "role": "Developer"
                }
            ],
            "description": "ADOdb is a PHP database abstraction layer library",
            "homepage": "https://adodb.org/",
            "keywords": [
                "abstraction",
                "database",
                "layer",
                "library",
                "php"
            ],
            "support": {
                "issues": "https://github.com/ADOdb/ADOdb/issues",
                "source": "https://github.com/ADOdb/ADOdb"
            },
            "time": "2022-05-08T10:01:41+00:00"
        },
        {
            "name": "leon-mbs/phpquery",
            "version": "1.0.0",
            "source": {
                "type": "git",
                "url": "https://github.com/leon-mbs/phpquery.git",
                "reference": "c762e42df84fca7fd4766861f17e45ad37aeaf63"
            },
            "dist": {
                "type": "zip",
                "url": "https://api.github.com/repos/leon-mbs/phpquery/zipball/c762e42df84fca7fd4766861f17e45ad37aeaf63",
                "reference": "c762e42df84fca7fd4766861f17e45ad37aeaf63",
                "shasum": ""
            },
            "require": {
                "php": ">=5.3.0"
            },
            "type": "library",
            "autoload": {
                "classmap": [
                    "phpQuery/"
                ]
            },
            "notification-url": "https://packagist.org/downloads/",
            "license": [
                "MIT"
            ],
            "authors": [
                {
                    "name": "didier Belot",
                    "role": "Packager, maintainer"
                },
                {
                    "name": "Tobiasz Cudnik",
                    "email": "tobiasz.cudnik@gmail.com",
                    "homepage": "https://github.com/TobiaszCudnik",
                    "role": "Developer"
                }
            ],
            "description": "phpQuery is a server-side, chainable, CSS3 selector driven Document Object Model (DOM) API based on jQuery JavaScript Library",
            "support": {
                "source": "https://github.com/leon-mbs/phpquery/tree/master"
            },
            "time": "2020-04-10T20:43:49+00:00"
        },
        {
            "name": "leon-mbs/zdb",
            "version": "1.5.4",
            "source": {
                "type": "git",
                "url": "https://github.com/leon-mbs/zdb.git",
                "reference": "c35407c8dd79bc8c25be883ba1e56df255d7aa1a"
            },
            "dist": {
                "type": "zip",
                "url": "https://api.github.com/repos/leon-mbs/zdb/zipball/c35407c8dd79bc8c25be883ba1e56df255d7aa1a",
                "reference": "c35407c8dd79bc8c25be883ba1e56df255d7aa1a",
                "shasum": ""
            },
            "require": {
                "adodb/adodb-php": "v5.22.2",
                "php": ">=7.4.0"
            },
            "type": "library",
            "autoload": {
                "files": [
                    "entity.php",
                    "db.php"
                ]
            },
            "notification-url": "https://packagist.org/downloads/",
            "license": [
                "MIT"
            ],
            "description": "Библиотека для работы  с БД",
            "homepage": "https://zippy.com.ua/zdb",
            "keywords": [
                "database",
                "php"
            ],
            "support": {
                "issues": "https://github.com/leon-mbs/zdb/issues",
                "source": "https://github.com/leon-mbs/zdb/tree/1.5.4"
            },
            "time": "2022-09-06T10:08:36+00:00"
        },
        {
            "name": "mustache/mustache",
            "version": "v2.14.2",
            "source": {
                "type": "git",
                "url": "https://github.com/bobthecow/mustache.php.git",
                "reference": "e62b7c3849d22ec55f3ec425507bf7968193a6cb"
            },
            "dist": {
                "type": "zip",
                "url": "https://api.github.com/repos/bobthecow/mustache.php/zipball/e62b7c3849d22ec55f3ec425507bf7968193a6cb",
                "reference": "e62b7c3849d22ec55f3ec425507bf7968193a6cb",
                "shasum": ""
            },
            "require": {
                "php": ">=5.2.4"
            },
            "require-dev": {
                "friendsofphp/php-cs-fixer": "~1.11",
                "phpunit/phpunit": "~3.7|~4.0|~5.0"
            },
            "type": "library",
            "autoload": {
                "psr-0": {
                    "Mustache": "src/"
                }
            },
            "notification-url": "https://packagist.org/downloads/",
            "license": [
                "MIT"
            ],
            "authors": [
                {
                    "name": "Justin Hileman",
                    "email": "justin@justinhileman.info",
                    "homepage": "http://justinhileman.com"
                }
            ],
            "description": "A Mustache implementation in PHP.",
            "homepage": "https://github.com/bobthecow/mustache.php",
            "keywords": [
                "mustache",
                "templating"
            ],
            "support": {
                "issues": "https://github.com/bobthecow/mustache.php/issues",
                "source": "https://github.com/bobthecow/mustache.php/tree/v2.14.2"
            },
            "time": "2022-08-23T13:07:01+00:00"
        }
    ],
    "packages-dev": [],
    "aliases": [],
    "minimum-stability": "dev",
    "stability-flags": [],
    "prefer-stable": true,
    "prefer-lowest": false,
    "platform": {
        "php": ">=7.4.0"
    },
    "platform-dev": [],
    "plugin-api-version": "2.1.0"
}
